
Microsoft Visual Studio Solution File, Format Version 12.00
# Visual Studio Version 17
VisualStudioVersion = 17.8.34309.116
MinimumVisualStudioVersion = 10.0.40219.1
Project("{FAE04EC0-301F-11D3-BF4B-00C04F79EFBC}") = "CSCI3110_AF_Lab6_AuthLab", "CSCI3110_AF_Lab6_AuthLab\CSCI3110_AF_Lab6_AuthLab.csproj", "{BC61EECE-A002-4E68-9310-2D3C08FD90F4}"
EndProject
Global
	GlobalSection(SolutionConfigurationPlatforms) = preSolution
		Debug|Any CPU = Debug|Any CPU
		Release|Any CPU = Release|Any CPU
	EndGlobalSection
	GlobalSection(ProjectConfigurationPlatforms) = postSolution
		{BC61EECE-A002-4E68-9310-2D3C08FD90F4}.Debug|Any CPU.ActiveCfg = Debug|Any CPU
		{BC61EECE-A002-4E68-9310-2D3C08FD90F4}.Debug|Any CPU.Build.0 = Debug|Any CPU
		{BC61EECE-A002-4E68-9310-2D3C08FD90F4}.Release|Any CPU.ActiveCfg = Release|Any CPU
		{BC61EECE-A002-4E68-9310-2D3C08FD90F4}.Release|Any CPU.Build.0 = Release|Any CPU
	EndGlobalSection
	GlobalSection(SolutionProperties) = preSolution
		HideSolutionNode = FALSE
	EndGlobalSection
	GlobalSection(ExtensibilityGlobals) = postSolution
		SolutionGuid = {63A9BB79-D2F3-4A0C-83BA-2E775109E9B1}
	EndGlobalSection
EndGlobal
